
Microsoft Visual Studio Solution File, Format Version 12.00
# Visual Studio Version 16
VisualStudioVersion = 16.0.30309.148
MinimumVisualStudioVersion = 10.0.40219.1
Project("{8BC9CEB8-8B4A-11D0-8D11-00A0C91BC942}") = "NainJaune", "NainJaune\NainJaune.vcxproj", "{1C9B4795-7FE8-42FA-8844-8C8CECB57052}"
EndProject
Global
	GlobalSection(SolutionConfigurationPlatforms) = preSolution
		Debug|x64 = Debug|x64
		Debug|x86 = Debug|x86
		Release|x64 = Release|x64
		Release|x86 = Release|x86
	EndGlobalSection
	GlobalSection(ProjectConfigurationPlatforms) = postSolution
		{1C9B4795-7FE8-42FA-8844-8C8CECB57052}.Debug|x64.ActiveCfg = Debug|x64
		{1C9B4795-7FE8-42FA-8844-8C8CECB57052}.Debug|x64.Build.0 = Debug|x64
		{1C9B4795-7FE8-42FA-8844-8C8CECB57052}.Debug|x86.ActiveCfg = Debug|Win32
		{1C9B4795-7FE8-42FA-8844-8C8CECB57052}.Debug|x86.Build.0 = Debug|Win32
		{1C9B4795-7FE8-42FA-8844-8C8CECB57052}.Release|x64.ActiveCfg = Release|x64
		{1C9B4795-7FE8-42FA-8844-8C8CECB57052}.Release|x64.Build.0 = Release|x64
		{1C9B4795-7FE8-42FA-8844-8C8CECB57052}.Release|x86.ActiveCfg = Release|Win32
		{1C9B4795-7FE8-42FA-8844-8C8CECB57052}.Release|x86.Build.0 = Release|Win32
	EndGlobalSection
	GlobalSection(SolutionProperties) = preSolution
		HideSolutionNode = FALSE
	EndGlobalSection
	GlobalSection(ExtensibilityGlobals) = postSolution
		SolutionGuid = {E13D7A75-2F4F-46D2-865C-DE3253CA3FF9}
	EndGlobalSection
EndGlobal
